
Microsoft Visual Studio Solution File, Format Version 12.00
# Visual Studio Version 16
VisualStudioVersion = 16.0.29411.108
MinimumVisualStudioVersion = 10.0.40219.1
Project("{9A19103F-16F7-4668-BE54-9A1E7A4F7556}") = "CavemanTcp", "CavemanTcp\CavemanTcp.csproj", "{AEE995D8-F936-4AF0-9DCB-F60EE36DBFE4}"
EndProject
Project("{9A19103F-16F7-4668-BE54-9A1E7A4F7556}") = "Test.Client", "Test.Client\Test.Client.csproj", "{B60431D5-8EC8-4ECE-AD5A-E564674F27A5}"
EndProject
Project("{9A19103F-16F7-4668-BE54-9A1E7A4F7556}") = "Test.Server", "Test.Server\Test.Server.csproj", "{21CF3C62-8F45-4166-BF45-7C48307C8889}"
EndProject
Project("{9A19103F-16F7-4668-BE54-9A1E7A4F7556}") = "Test.SslClient", "Test.SslClient\Test.SslClient.csproj", "{6822B83D-0FBA-4A48-8D51-0628C6CF53A3}"
EndProject
Project("{9A19103F-16F7-4668-BE54-9A1E7A4F7556}") = "Test.SslServer", "Test.SslServer\Test.SslServer.csproj", "{A44C2D24-AD79-45F2-8121-4B0DA10FC939}"
EndProject
Project("{9A19103F-16F7-4668-BE54-9A1E7A4F7556}") = "Test.ClientAsync", "Test.ClientAsync\Test.ClientAsync.csproj", "{2F5406DC-EB8C-4043-B209-99604391DBD1}"
EndProject
Project("{9A19103F-16F7-4668-BE54-9A1E7A4F7556}") = "Test.ServerAsync", "Test.ServerAsync\Test.ServerAsync.csproj", "{0D4DACA2-77D0-4742-A733-FD90E3B9B175}"
EndProject
Project("{FAE04EC0-301F-11D3-BF4B-00C04F79EFBC}") = "Test.Disconnect", "Test.Disconnect\Test.Disconnect.csproj", "{D94B4C24-C9C7-4BA8-8430-8A49328AC68C}"
EndProject
Global
	GlobalSection(SolutionConfigurationPlatforms) = preSolution
		Debug|Any CPU = Debug|Any CPU
		Release|Any CPU = Release|Any CPU
	EndGlobalSection
	GlobalSection(ProjectConfigurationPlatforms) = postSolution
		{AEE995D8-F936-4AF0-9DCB-F60EE36DBFE4}.Debug|Any CPU.ActiveCfg = Debug|Any CPU
		{AEE995D8-F936-4AF0-9DCB-F60EE36DBFE4}.Debug|Any CPU.Build.0 = Debug|Any CPU
		{AEE995D8-F936-4AF0-9DCB-F60EE36DBFE4}.Release|Any CPU.ActiveCfg = Release|Any CPU
		{AEE995D8-F936-4AF0-9DCB-F60EE36DBFE4}.Release|Any CPU.Build.0 = Release|Any CPU
		{B60431D5-8EC8-4ECE-AD5A-E564674F27A5}.Debug|Any CPU.ActiveCfg = Debug|Any CPU
		{B60431D5-8EC8-4ECE-AD5A-E564674F27A5}.Debug|Any CPU.Build.0 = Debug|Any CPU
		{B60431D5-8EC8-4ECE-AD5A-E564674F27A5}.Release|Any CPU.ActiveCfg = Release|Any CPU
		{B60431D5-8EC8-4ECE-AD5A-E564674F27A5}.Release|Any CPU.Build.0 = Release|Any CPU
		{21CF3C62-8F45-4166-BF45-7C48307C8889}.Debug|Any CPU.ActiveCfg = Debug|Any CPU
		{21CF3C62-8F45-4166-BF45-7C48307C8889}.Debug|Any CPU.Build.0 = Debug|Any CPU
		{21CF3C62-8F45-4166-BF45-7C48307C8889}.Release|Any CPU.ActiveCfg = Release|Any CPU
		{21CF3C62-8F45-4166-BF45-7C48307C8889}.Release|Any CPU.Build.0 = Release|Any CPU
		{6822B83D-0FBA-4A48-8D51-0628C6CF53A3}.Debug|Any CPU.ActiveCfg = Debug|Any CPU
		{6822B83D-0FBA-4A48-8D51-0628C6CF53A3}.Debug|Any CPU.Build.0 = Debug|Any CPU
		{6822B83D-0FBA-4A48-8D51-0628C6CF53A3}.Release|Any CPU.ActiveCfg = Release|Any CPU
		{6822B83D-0FBA-4A48-8D51-0628C6CF53A3}.Release|Any CPU.Build.0 = Release|Any CPU
		{A44C2D24-AD79-45F2-8121-4B0DA10FC939}.Debug|Any CPU.ActiveCfg = Debug|Any CPU
		{A44C2D24-AD79-45F2-8121-4B0DA10FC939}.Debug|Any CPU.Build.0 = Debug|Any CPU
		{A44C2D24-AD79-45F2-8121-4B0DA10FC939}.Release|Any CPU.ActiveCfg = Release|Any CPU
		{A44C2D24-AD79-45F2-8121-4B0DA10FC939}.Release|Any CPU.Build.0 = Release|Any CPU
		{2F5406DC-EB8C-4043-B209-99604391DBD1}.Debug|Any CPU.ActiveCfg = Debug|Any CPU
		{2F5406DC-EB8C-4043-B209-99604391DBD1}.Debug|Any CPU.Build.0 = Debug|Any CPU
		{2F5406DC-EB8C-4043-B209-99604391DBD1}.Release|Any CPU.ActiveCfg = Release|Any CPU
		{2F5406DC-EB8C-4043-B209-99604391DBD1}.Release|Any CPU.Build.0 = Release|Any CPU
		{0D4DACA2-77D0-4742-A733-FD90E3B9B175}.Debug|Any CPU.ActiveCfg = Debug|Any CPU
		{0D4DACA2-77D0-4742-A733-FD90E3B9B175}.Debug|Any CPU.Build.0 = Debug|Any CPU
		{0D4DACA2-77D0-4742-A733-FD90E3B9B175}.Release|Any CPU.ActiveCfg = Release|Any CPU
		{0D4DACA2-77D0-4742-A733-FD90E3B9B175}.Release|Any CPU.Build.0 = Release|Any CPU
		{D94B4C24-C9C7-4BA8-8430-8A49328AC68C}.Debug|Any CPU.ActiveCfg = Debug|Any CPU
		{D94B4C24-C9C7-4BA8-8430-8A49328AC68C}.Debug|Any CPU.Build.0 = Debug|Any CPU
		{D94B4C24-C9C7-4BA8-8430-8A49328AC68C}.Release|Any CPU.ActiveCfg = Release|Any CPU
		{D94B4C24-C9C7-4BA8-8430-8A49328AC68C}.Release|Any CPU.Build.0 = Release|Any CPU
	EndGlobalSection
	GlobalSection(SolutionProperties) = preSolution
		HideSolutionNode = FALSE
	EndGlobalSection
	GlobalSection(ExtensibilityGlobals) = postSolution
		SolutionGuid = {F66769D1-8F26-4307-A737-E27BB893E901}
	EndGlobalSection
EndGlobal
